
Microsoft Visual Studio Solution File, Format Version 12.00
# Visual Studio Version 17
VisualStudioVersion = 17.5.33627.172
MinimumVisualStudioVersion = 10.0.40219.1
Project("{FAE04EC0-301F-11D3-BF4B-00C04F79EFBC}") = "ConsoleApp5", "ConsoleApp5\ConsoleApp5.csproj", "{CACF9F63-8E56-482F-8908-637FF94CDC34}"
EndProject
Global
	GlobalSection(SolutionConfigurationPlatforms) = preSolution
		Debug|Any CPU = Debug|Any CPU
		Release|Any CPU = Release|Any CPU
	EndGlobalSection
	GlobalSection(ProjectConfigurationPlatforms) = postSolution
		{CACF9F63-8E56-482F-8908-637FF94CDC34}.Debug|Any CPU.ActiveCfg = Debug|Any CPU
		{CACF9F63-8E56-482F-8908-637FF94CDC34}.Debug|Any CPU.Build.0 = Debug|Any CPU
		{CACF9F63-8E56-482F-8908-637FF94CDC34}.Release|Any CPU.ActiveCfg = Release|Any CPU
		{CACF9F63-8E56-482F-8908-637FF94CDC34}.Release|Any CPU.Build.0 = Release|Any CPU
	EndGlobalSection
	GlobalSection(SolutionProperties) = preSolution
		HideSolutionNode = FALSE
	EndGlobalSection
	GlobalSection(ExtensibilityGlobals) = postSolution
		SolutionGuid = {E937E788-0133-459E-8698-51E81DF27376}
	EndGlobalSection
EndGlobal
